
Microsoft Visual Studio Solution File, Format Version 11.00
# Visual Studio 2010
Project("{FAE04EC0-301F-11D3-BF4B-00C04F79EFBC}") = "Consultorio", "Consultorio\Consultorio.csproj", "{FD40A38B-9CDD-4E40-AB44-D55E2EDDDF99}"
EndProject
Project("{FAE04EC0-301F-11D3-BF4B-00C04F79EFBC}") = "Biblioteca", "Biblioteca\Biblioteca.csproj", "{99EC40C8-9EB7-47DA-8623-76EC5C8F5E50}"
EndProject
Project("{FAE04EC0-301F-11D3-BF4B-00C04F79EFBC}") = "Consultiorios.DALC", "Consultiorios.DALC\Consultiorios.DALC.csproj", "{3C73077E-736F-40D6-A520-2C017C92D2B9}"
EndProject
Global
	GlobalSection(SolutionConfigurationPlatforms) = preSolution
		Debug|Any CPU = Debug|Any CPU
		Debug|Mixed Platforms = Debug|Mixed Platforms
		Debug|x86 = Debug|x86
		Release|Any CPU = Release|Any CPU
		Release|Mixed Platforms = Release|Mixed Platforms
		Release|x86 = Release|x86
	EndGlobalSection
	GlobalSection(ProjectConfigurationPlatforms) = postSolution
		{FD40A38B-9CDD-4E40-AB44-D55E2EDDDF99}.Debug|Any CPU.ActiveCfg = Debug|Any CPU
		{FD40A38B-9CDD-4E40-AB44-D55E2EDDDF99}.Debug|Any CPU.Build.0 = Debug|Any CPU
		{FD40A38B-9CDD-4E40-AB44-D55E2EDDDF99}.Debug|Mixed Platforms.ActiveCfg = Debug|Any CPU
		{FD40A38B-9CDD-4E40-AB44-D55E2EDDDF99}.Debug|Mixed Platforms.Build.0 = Debug|Any CPU
		{FD40A38B-9CDD-4E40-AB44-D55E2EDDDF99}.Debug|x86.ActiveCfg = Debug|Any CPU
		{FD40A38B-9CDD-4E40-AB44-D55E2EDDDF99}.Release|Any CPU.ActiveCfg = Release|Any CPU
		{FD40A38B-9CDD-4E40-AB44-D55E2EDDDF99}.Release|Any CPU.Build.0 = Release|Any CPU
		{FD40A38B-9CDD-4E40-AB44-D55E2EDDDF99}.Release|Mixed Platforms.ActiveCfg = Release|Any CPU
		{FD40A38B-9CDD-4E40-AB44-D55E2EDDDF99}.Release|Mixed Platforms.Build.0 = Release|Any CPU
		{FD40A38B-9CDD-4E40-AB44-D55E2EDDDF99}.Release|x86.ActiveCfg = Release|Any CPU
		{99EC40C8-9EB7-47DA-8623-76EC5C8F5E50}.Debug|Any CPU.ActiveCfg = Debug|Any CPU
		{99EC40C8-9EB7-47DA-8623-76EC5C8F5E50}.Debug|Any CPU.Build.0 = Debug|Any CPU
		{99EC40C8-9EB7-47DA-8623-76EC5C8F5E50}.Debug|Mixed Platforms.ActiveCfg = Debug|Any CPU
		{99EC40C8-9EB7-47DA-8623-76EC5C8F5E50}.Debug|Mixed Platforms.Build.0 = Debug|Any CPU
		{99EC40C8-9EB7-47DA-8623-76EC5C8F5E50}.Debug|x86.ActiveCfg = Debug|Any CPU
		{99EC40C8-9EB7-47DA-8623-76EC5C8F5E50}.Release|Any CPU.ActiveCfg = Release|Any CPU
		{99EC40C8-9EB7-47DA-8623-76EC5C8F5E50}.Release|Any CPU.Build.0 = Release|Any CPU
		{99EC40C8-9EB7-47DA-8623-76EC5C8F5E50}.Release|Mixed Platforms.ActiveCfg = Release|Any CPU
		{99EC40C8-9EB7-47DA-8623-76EC5C8F5E50}.Release|Mixed Platforms.Build.0 = Release|Any CPU
		{99EC40C8-9EB7-47DA-8623-76EC5C8F5E50}.Release|x86.ActiveCfg = Release|Any CPU
		{3C73077E-736F-40D6-A520-2C017C92D2B9}.Debug|Any CPU.ActiveCfg = Debug|x86
		{3C73077E-736F-40D6-A520-2C017C92D2B9}.Debug|Mixed Platforms.ActiveCfg = Debug|x86
		{3C73077E-736F-40D6-A520-2C017C92D2B9}.Debug|Mixed Platforms.Build.0 = Debug|x86
		{3C73077E-736F-40D6-A520-2C017C92D2B9}.Debug|x86.ActiveCfg = Debug|x86
		{3C73077E-736F-40D6-A520-2C017C92D2B9}.Debug|x86.Build.0 = Debug|x86
		{3C73077E-736F-40D6-A520-2C017C92D2B9}.Release|Any CPU.ActiveCfg = Release|x86
		{3C73077E-736F-40D6-A520-2C017C92D2B9}.Release|Mixed Platforms.ActiveCfg = Release|x86
		{3C73077E-736F-40D6-A520-2C017C92D2B9}.Release|Mixed Platforms.Build.0 = Release|x86
		{3C73077E-736F-40D6-A520-2C017C92D2B9}.Release|x86.ActiveCfg = Release|x86
		{3C73077E-736F-40D6-A520-2C017C92D2B9}.Release|x86.Build.0 = Release|x86
	EndGlobalSection
	GlobalSection(SolutionProperties) = preSolution
		HideSolutionNode = FALSE
	EndGlobalSection
EndGlobal
